// !$*UTF8*$!
{
	archiveVersion = 1;
	classes = {
	};
	objectVersion = 56;
	objects = {

/* Begin PBXBuildFile section */
		1B50122A299191B200983D89 /* LAST_FINAL_YURI_YURIKAApp.swift in Sources */ = {isa = PBXBuildFile; fileRef = 1B501229299191B200983D89 /* LAST_FINAL_YURI_YURIKAApp.swift */; };
		1B50122E299191B200983D89 /* Assets.xcassets in Resources */ = {isa = PBXBuildFile; fileRef = 1B50122D299191B200983D89 /* Assets.xcassets */; };
		1B501231299191B200983D89 /* Preview Assets.xcassets in Resources */ = {isa = PBXBuildFile; fileRef = 1B501230299191B200983D89 /* Preview Assets.xcassets */; };
		1B501264299191F500983D89 /* PressButtonModifier.swift in Sources */ = {isa = PBXBuildFile; fileRef = 1B501239299191F400983D89 /* PressButtonModifier.swift */; };
		1B501265299191F500983D89 /* ShadowStrokeModifier.swift in Sources */ = {isa = PBXBuildFile; fileRef = 1B50123A299191F400983D89 /* ShadowStrokeModifier.swift */; };
		1B501266299191F500983D89 /* BundleExtension.swift in Sources */ = {isa = PBXBuildFile; fileRef = 1B50123C299191F400983D89 /* BundleExtension.swift */; };
		1B501267299191F500983D89 /* Lesson.swift in Sources */ = {isa = PBXBuildFile; fileRef = 1B50123E299191F400983D89 /* Lesson.swift */; };
		1B501268299191F500983D89 /* SuperHero.swift in Sources */ = {isa = PBXBuildFile; fileRef = 1B50123F299191F400983D89 /* SuperHero.swift */; };
		1B501269299191F500983D89 /* Speech.swift in Sources */ = {isa = PBXBuildFile; fileRef = 1B501240299191F400983D89 /* Speech.swift */; };
		1B50126A299191F500983D89 /* FetchedImageView.swift in Sources */ = {isa = PBXBuildFile; fileRef = 1B501243299191F500983D89 /* FetchedImageView.swift */; };
		1B50126B299191F500983D89 /* ProgressBarView.swift in Sources */ = {isa = PBXBuildFile; fileRef = 1B501244299191F500983D89 /* ProgressBarView.swift */; };
		1B50126C299191F500983D89 /* EntryFieldView.swift in Sources */ = {isa = PBXBuildFile; fileRef = 1B501245299191F500983D89 /* EntryFieldView.swift */; };
		1B50126D299191F500983D89 /* ActionButtonView.swift in Sources */ = {isa = PBXBuildFile; fileRef = 1B501246299191F500983D89 /* ActionButtonView.swift */; };
		1B50126E299191F500983D89 /* AnswerView.swift in Sources */ = {isa = PBXBuildFile; fileRef = 1B50124A299191F500983D89 /* AnswerView.swift */; };
		1B50126F299191F500983D89 /* get_points.swift in Sources */ = {isa = PBXBuildFile; fileRef = 1B50124B299191F500983D89 /* get_points.swift */; };
		1B501270299191F500983D89 /* CalculView.swift in Sources */ = {isa = PBXBuildFile; fileRef = 1B50124C299191F500983D89 /* CalculView.swift */; };
		1B501271299191F500983D89 /* LessonTopContentView.swift in Sources */ = {isa = PBXBuildFile; fileRef = 1B50124D299191F500983D89 /* LessonTopContentView.swift */; };
		1B501272299191F500983D89 /* NumberPadView.swift in Sources */ = {isa = PBXBuildFile; fileRef = 1B50124F299191F500983D89 /* NumberPadView.swift */; };
		1B501273299191F500983D89 /* NumberTouchView.swift in Sources */ = {isa = PBXBuildFile; fileRef = 1B501250299191F500983D89 /* NumberTouchView.swift */; };
		1B501274299191F500983D89 /* CalculatorView.swift in Sources */ = {isa = PBXBuildFile; fileRef = 1B501251299191F500983D89 /* CalculatorView.swift */; };
		1B501278299191F500983D89 /* LessonListView.swift in Sources */ = {isa = PBXBuildFile; fileRef = 1B501256299191F500983D89 /* LessonListView.swift */; };
		1B501279299191F500983D89 /* LessonRowView.swift in Sources */ = {isa = PBXBuildFile; fileRef = 1B501257299191F500983D89 /* LessonRowView.swift */; };
		1B50127A299191F500983D89 /* LaboratoryView.swift in Sources */ = {isa = PBXBuildFile; fileRef = 1B501258299191F500983D89 /* LaboratoryView.swift */; };
		1B50127B299191F500983D89 /* IntroductionView.swift in Sources */ = {isa = PBXBuildFile; fileRef = 1B50125A299191F500983D89 /* IntroductionView.swift */; };
		1B50127C299191F500983D89 /* APIManager.swift in Sources */ = {isa = PBXBuildFile; fileRef = 1B50125C299191F500983D89 /* APIManager.swift */; };
		1B50127D299191F500983D89 /* Calcul.swift in Sources */ = {isa = PBXBuildFile; fileRef = 1B50125E299191F500983D89 /* Calcul.swift */; };
		1B50127E299191F500983D89 /* YuriYurikaViewModel.swift in Sources */ = {isa = PBXBuildFile; fileRef = 1B50125F299191F500983D89 /* YuriYurikaViewModel.swift */; };
		1B50127F299191F500983D89 /* lessons.json in Resources */ = {isa = PBXBuildFile; fileRef = 1B501262299191F500983D89 /* lessons.json */; };
		1B501280299191F500983D89 /* speechs.json in Resources */ = {isa = PBXBuildFile; fileRef = 1B501263299191F500983D89 /* speechs.json */; };
		1B5012832991924600983D89 /* TabBarView.swift in Sources */ = {isa = PBXBuildFile; fileRef = 1B5012822991924600983D89 /* TabBarView.swift */; };
		1B5012862991926D00983D89 /* Persistence.swift in Sources */ = {isa = PBXBuildFile; fileRef = 1B5012852991926D00983D89 /* Persistence.swift */; };
		1B501289299192B200983D89 /* LAST FINAL YURI YURIKA.xcdatamodeld in Sources */ = {isa = PBXBuildFile; fileRef = 1B501287299192B200983D89 /* LAST FINAL YURI YURIKA.xcdatamodeld */; };
/* End PBXBuildFile section */

/* Begin PBXFileReference section */
		1B501226299191B200983D89 /* LAST FINAL YURI YURIKA.app */ = {isa = PBXFileReference; explicitFileType = wrapper.application; includeInIndex = 0; path = "LAST FINAL YURI YURIKA.app"; sourceTree = BUILT_PRODUCTS_DIR; };
		1B501229299191B200983D89 /* LAST_FINAL_YURI_YURIKAApp.swift */ = {isa = PBXFileReference; lastKnownFileType = sourcecode.swift; path = LAST_FINAL_YURI_YURIKAApp.swift; sourceTree = "<group>"; };
		1B50122D299191B200983D89 /* Assets.xcassets */ = {isa = PBXFileReference; lastKnownFileType = folder.assetcatalog; path = Assets.xcassets; sourceTree = "<group>"; };
		1B501230299191B200983D89 /* Preview Assets.xcassets */ = {isa = PBXFileReference; lastKnownFileType = folder.assetcatalog; path = "Preview Assets.xcassets"; sourceTree = "<group>"; };
		1B501239299191F400983D89 /* PressButtonModifier.swift */ = {isa = PBXFileReference; fileEncoding = 4; lastKnownFileType = sourcecode.swift; path = PressButtonModifier.swift; sourceTree = "<group>"; };
		1B50123A299191F400983D89 /* ShadowStrokeModifier.swift */ = {isa = PBXFileReference; fileEncoding = 4; lastKnownFileType = sourcecode.swift; path = ShadowStrokeModifier.swift; sourceTree = "<group>"; };
		1B50123C299191F400983D89 /* BundleExtension.swift */ = {isa = PBXFileReference; fileEncoding = 4; lastKnownFileType = sourcecode.swift; path = BundleExtension.swift; sourceTree = "<group>"; };
		1B50123E299191F400983D89 /* Lesson.swift */ = {isa = PBXFileReference; fileEncoding = 4; lastKnownFileType = sourcecode.swift; path = Lesson.swift; sourceTree = "<group>"; };
		1B50123F299191F400983D89 /* SuperHero.swift */ = {isa = PBXFileReference; fileEncoding = 4; lastKnownFileType = sourcecode.swift; path = SuperHero.swift; sourceTree = "<group>"; };
		1B501240299191F400983D89 /* Speech.swift */ = {isa = PBXFileReference; fileEncoding = 4; lastKnownFileType = sourcecode.swift; path = Speech.swift; sourceTree = "<group>"; };
		1B501243299191F500983D89 /* FetchedImageView.swift */ = {isa = PBXFileReference; fileEncoding = 4; lastKnownFileType = sourcecode.swift; path = FetchedImageView.swift; sourceTree = "<group>"; };
		1B501244299191F500983D89 /* ProgressBarView.swift */ = {isa = PBXFileReference; fileEncoding = 4; lastKnownFileType = sourcecode.swift; path = ProgressBarView.swift; sourceTree = "<group>"; };
		1B501245299191F500983D89 /* EntryFieldView.swift */ = {isa = PBXFileReference; fileEncoding = 4; lastKnownFileType = sourcecode.swift; path = EntryFieldView.swift; sourceTree = "<group>"; };
		1B501246299191F500983D89 /* ActionButtonView.swift */ = {isa = PBXFileReference; fileEncoding = 4; lastKnownFileType = sourcecode.swift; path = ActionButtonView.swift; sourceTree = "<group>"; };
		1B50124A299191F500983D89 /* AnswerView.swift */ = {isa = PBXFileReference; fileEncoding = 4; lastKnownFileType = sourcecode.swift; path = AnswerView.swift; sourceTree = "<group>"; };
		1B50124B299191F500983D89 /* get_points.swift */ = {isa = PBXFileReference; fileEncoding = 4; lastKnownFileType = sourcecode.swift; path = get_points.swift; sourceTree = "<group>"; };
		1B50124C299191F500983D89 /* CalculView.swift */ = {isa = PBXFileReference; fileEncoding = 4; lastKnownFileType = sourcecode.swift; path = CalculView.swift; sourceTree = "<group>"; };
		1B50124D299191F500983D89 /* LessonTopContentView.swift */ = {isa = PBXFileReference; fileEncoding = 4; lastKnownFileType = sourcecode.swift; path = LessonTopContentView.swift; sourceTree = "<group>"; };
		1B50124F299191F500983D89 /* NumberPadView.swift */ = {isa = PBXFileReference; fileEncoding = 4; lastKnownFileType = sourcecode.swift; path = NumberPadView.swift; sourceTree = "<group>"; };
		1B501250299191F500983D89 /* NumberTouchView.swift */ = {isa = PBXFileReference; fileEncoding = 4; lastKnownFileType = sourcecode.swift; path = NumberTouchView.swift; sourceTree = "<group>"; };
		1B501251299191F500983D89 /* CalculatorView.swift */ = {isa = PBXFileReference; fileEncoding = 4; lastKnownFileType = sourcecode.swift; path = CalculatorView.swift; sourceTree = "<group>"; };
		1B501256299191F500983D89 /* LessonListView.swift */ = {isa = PBXFileReference; fileEncoding = 4; lastKnownFileType = sourcecode.swift; path = LessonListView.swift; sourceTree = "<group>"; };
		1B501257299191F500983D89 /* LessonRowView.swift */ = {isa = PBXFileReference; fileEncoding = 4; lastKnownFileType = sourcecode.swift; path = LessonRowView.swift; sourceTree = "<group>"; };
		1B501258299191F500983D89 /* LaboratoryView.swift */ = {isa = PBXFileReference; fileEncoding = 4; lastKnownFileType = sourcecode.swift; path = LaboratoryView.swift; sourceTree = "<group>"; };
		1B50125A299191F500983D89 /* IntroductionView.swift */ = {isa = PBXFileReference; fileEncoding = 4; lastKnownFileType = sourcecode.swift; path = IntroductionView.swift; sourceTree = "<group>"; };
		1B50125C299191F500983D89 /* APIManager.swift */ = {isa = PBXFileReference; fileEncoding = 4; lastKnownFileType = sourcecode.swift; path = APIManager.swift; sourceTree = "<group>"; };
		1B50125E299191F500983D89 /* Calcul.swift */ = {isa = PBXFileReference; fileEncoding = 4; lastKnownFileType = sourcecode.swift; path = Calcul.swift; sourceTree = "<group>"; };
		1B50125F299191F500983D89 /* YuriYurikaViewModel.swift */ = {isa = PBXFileReference; fileEncoding = 4; lastKnownFileType = sourcecode.swift; path = YuriYurikaViewModel.swift; sourceTree = "<group>"; };
		1B501262299191F500983D89 /* lessons.json */ = {isa = PBXFileReference; fileEncoding = 4; lastKnownFileType = text.json; path = lessons.json; sourceTree = "<group>"; };
		1B501263299191F500983D89 /* speechs.json */ = {isa = PBXFileReference; fileEncoding = 4; lastKnownFileType = text.json; path = speechs.json; sourceTree = "<group>"; };
		1B5012822991924600983D89 /* TabBarView.swift */ = {isa = PBXFileReference; fileEncoding = 4; lastKnownFileType = sourcecode.swift; path = TabBarView.swift; sourceTree = "<group>"; };
		1B5012852991926D00983D89 /* Persistence.swift */ = {isa = PBXFileReference; fileEncoding = 4; lastKnownFileType = sourcecode.swift; path = Persistence.swift; sourceTree = "<group>"; };
		1B501288299192B200983D89 /* LAST FINAL YURI YURIKA.xcdatamodel */ = {isa = PBXFileReference; lastKnownFileType = wrapper.xcdatamodel; path = "LAST FINAL YURI YURIKA.xcdatamodel"; sourceTree = "<group>"; };
/* End PBXFileReference section */

/* Begin PBXFrameworksBuildPhase section */
		1B501223299191B200983D89 /* Frameworks */ = {
			isa = PBXFrameworksBuildPhase;
			buildActionMask = 2147483647;
			files = (
			);
			runOnlyForDeploymentPostprocessing = 0;
		};
/* End PBXFrameworksBuildPhase section */

/* Begin PBXGroup section */
		1B50121D299191B200983D89 = {
			isa = PBXGroup;
			children = (
				1B501228299191B200983D89 /* LAST FINAL YURI YURIKA */,
				1B501227299191B200983D89 /* Products */,
			);
			sourceTree = "<group>";
		};
		1B501227299191B200983D89 /* Products */ = {
			isa = PBXGroup;
			children = (
				1B501226299191B200983D89 /* LAST FINAL YURI YURIKA.app */,
			);
			name = Products;
			sourceTree = "<group>";
		};
		1B501228299191B200983D89 /* LAST FINAL YURI YURIKA */ = {
			isa = PBXGroup;
			children = (
				1B5012842991925700983D89 /* Supporting Files */,
				1B5012812991923200983D89 /* App */,
				1B501260299191F500983D89 /* Data */,
				1B501237299191F400983D89 /* Models */,
				1B50125B299191F500983D89 /* Networking */,
				1B50125D299191F500983D89 /* View Model */,
				1B501241299191F500983D89 /* Views */,
				1B50122D299191B200983D89 /* Assets.xcassets */,
				1B50122F299191B200983D89 /* Preview Content */,
			);
			path = "LAST FINAL YURI YURIKA";
			sourceTree = "<group>";
		};
		1B50122F299191B200983D89 /* Preview Content */ = {
			isa = PBXGroup;
			children = (
				1B501230299191B200983D89 /* Preview Assets.xcassets */,
			);
			path = "Preview Content";
			sourceTree = "<group>";
		};
		1B501237299191F400983D89 /* Models */ = {
			isa = PBXGroup;
			children = (
				1B501238299191F400983D89 /* Modifiers */,
				1B50123B299191F400983D89 /* Extension */,
				1B50123D299191F400983D89 /* Main */,
			);
			path = Models;
			sourceTree = "<group>";
		};
		1B501238299191F400983D89 /* Modifiers */ = {
			isa = PBXGroup;
			children = (
				1B501239299191F400983D89 /* PressButtonModifier.swift */,
				1B50123A299191F400983D89 /* ShadowStrokeModifier.swift */,
			);
			path = Modifiers;
			sourceTree = "<group>";
		};
		1B50123B299191F400983D89 /* Extension */ = {
			isa = PBXGroup;
			children = (
				1B50123C299191F400983D89 /* BundleExtension.swift */,
			);
			path = Extension;
			sourceTree = "<group>";
		};
		1B50123D299191F400983D89 /* Main */ = {
			isa = PBXGroup;
			children = (
				1B50123E299191F400983D89 /* Lesson.swift */,
				1B50123F299191F400983D89 /* SuperHero.swift */,
				1B501240299191F400983D89 /* Speech.swift */,
			);
			path = Main;
			sourceTree = "<group>";
		};
		1B501241299191F500983D89 /* Views */ = {
			isa = PBXGroup;
			children = (
				1B501242299191F500983D89 /* Commons */,
				1B501247299191F500983D89 /* Laboratory */,
				1B501259299191F500983D89 /* Introduction */,
			);
			path = Views;
			sourceTree = "<group>";
		};
		1B501242299191F500983D89 /* Commons */ = {
			isa = PBXGroup;
			children = (
				1B501243299191F500983D89 /* FetchedImageView.swift */,
				1B501244299191F500983D89 /* ProgressBarView.swift */,
				1B501245299191F500983D89 /* EntryFieldView.swift */,
				1B501246299191F500983D89 /* ActionButtonView.swift */,
			);
			path = Commons;
			sourceTree = "<group>";
		};
		1B501247299191F500983D89 /* Laboratory */ = {
			isa = PBXGroup;
			children = (
				1B501248299191F500983D89 /* Lesson */,
				1B501255299191F500983D89 /* Main */,
			);
			path = Laboratory;
			sourceTree = "<group>";
		};
		1B501248299191F500983D89 /* Lesson */ = {
			isa = PBXGroup;
			children = (
				1B501249299191F500983D89 /* Calcul */,
				1B50124E299191F500983D89 /* Calculator */,
			);
			path = Lesson;
			sourceTree = "<group>";
		};
		1B501249299191F500983D89 /* Calcul */ = {
			isa = PBXGroup;
			children = (
				1B50124A299191F500983D89 /* AnswerView.swift */,
				1B50124B299191F500983D89 /* get_points.swift */,
				1B50124C299191F500983D89 /* CalculView.swift */,
				1B50124D299191F500983D89 /* LessonTopContentView.swift */,
			);
			path = Calcul;
			sourceTree = "<group>";
		};
		1B50124E299191F500983D89 /* Calculator */ = {
			isa = PBXGroup;
			children = (
				1B50124F299191F500983D89 /* NumberPadView.swift */,
				1B501250299191F500983D89 /* NumberTouchView.swift */,
				1B501251299191F500983D89 /* CalculatorView.swift */,
			);
			path = Calculator;
			sourceTree = "<group>";
		};
		1B501255299191F500983D89 /* Main */ = {
			isa = PBXGroup;
			children = (
				1B501256299191F500983D89 /* LessonListView.swift */,
				1B501257299191F500983D89 /* LessonRowView.swift */,
				1B501258299191F500983D89 /* LaboratoryView.swift */,
			);
			path = Main;
			sourceTree = "<group>";
		};
		1B501259299191F500983D89 /* Introduction */ = {
			isa = PBXGroup;
			children = (
				1B50125A299191F500983D89 /* IntroductionView.swift */,
			);
			path = Introduction;
			sourceTree = "<group>";
		};
		1B50125B299191F500983D89 /* Networking */ = {
			isa = PBXGroup;
			children = (
				1B50125C299191F500983D89 /* APIManager.swift */,
			);
			path = Networking;
			sourceTree = "<group>";
		};
		1B50125D299191F500983D89 /* View Model */ = {
			isa = PBXGroup;
			children = (
				1B50125E299191F500983D89 /* Calcul.swift */,
				1B50125F299191F500983D89 /* YuriYurikaViewModel.swift */,
			);
			path = "View Model";
			sourceTree = "<group>";
		};
		1B501260299191F500983D89 /* Data */ = {
			isa = PBXGroup;
			children = (
				1B501261299191F500983D89 /* JSONS */,
			);
			path = Data;
			sourceTree = "<group>";
		};
		1B501261299191F500983D89 /* JSONS */ = {
			isa = PBXGroup;
			children = (
				1B501262299191F500983D89 /* lessons.json */,
				1B501263299191F500983D89 /* speechs.json */,
			);
			path = JSONS;
			sourceTree = "<group>";
		};
		1B5012812991923200983D89 /* App */ = {
			isa = PBXGroup;
			children = (
				1B501229299191B200983D89 /* LAST_FINAL_YURI_YURIKAApp.swift */,
				1B5012822991924600983D89 /* TabBarView.swift */,
			);
			path = App;
			sourceTree = "<group>";
		};
		1B5012842991925700983D89 /* Supporting Files */ = {
			isa = PBXGroup;
			children = (
				1B5012852991926D00983D89 /* Persistence.swift */,
				1B501287299192B200983D89 /* LAST FINAL YURI YURIKA.xcdatamodeld */,
			);
			path = "Supporting Files";
			sourceTree = "<group>";
		};
/* End PBXGroup section */

/* Begin PBXNativeTarget section */
		1B501225299191B200983D89 /* LAST FINAL YURI YURIKA */ = {
			isa = PBXNativeTarget;
			buildConfigurationList = 1B501234299191B200983D89 /* Build configuration list for PBXNativeTarget "LAST FINAL YURI YURIKA" */;
			buildPhases = (
				1B501222299191B200983D89 /* Sources */,
				1B501223299191B200983D89 /* Frameworks */,
				1B501224299191B200983D89 /* Resources */,
			);
			buildRules = (
			);
			dependencies = (
			);
			name = "LAST FINAL YURI YURIKA";
			productName = "LAST FINAL YURI YURIKA";
			productReference = 1B501226299191B200983D89 /* LAST FINAL YURI YURIKA.app */;
			productType = "com.apple.product-type.application";
		};
/* End PBXNativeTarget section */

/* Begin PBXProject section */
		1B50121E299191B200983D89 /* Project object */ = {
			isa = PBXProject;
			attributes = {
				BuildIndependentTargetsInParallel = 1;
				LastSwiftUpdateCheck = 1410;
				LastUpgradeCheck = 1410;
				TargetAttributes = {
					1B501225299191B200983D89 = {
						CreatedOnToolsVersion = 14.1;
					};
				};
			};
			buildConfigurationList = 1B501221299191B200983D89 /* Build configuration list for PBXProject "LAST FINAL YURI YURIKA" */;
			compatibilityVersion = "Xcode 14.0";
			developmentRegion = en;
			hasScannedForEncodings = 0;
			knownRegions = (
				en,
				Base,
			);
			mainGroup = 1B50121D299191B200983D89;
			productRefGroup = 1B501227299191B200983D89 /* Products */;
			projectDirPath = "";
			projectRoot = "";
			targets = (
				1B501225299191B200983D89 /* LAST FINAL YURI YURIKA */,
			);
		};
/* End PBXProject section */

/* Begin PBXResourcesBuildPhase section */
		1B501224299191B200983D89 /* Resources */ = {
			isa = PBXResourcesBuildPhase;
			buildActionMask = 2147483647;
			files = (
				1B501231299191B200983D89 /* Preview Assets.xcassets in Resources */,
				1B50122E299191B200983D89 /* Assets.xcassets in Resources */,
				1B50127F299191F500983D89 /* lessons.json in Resources */,
				1B501280299191F500983D89 /* speechs.json in Resources */,
			);
			runOnlyForDeploymentPostprocessing = 0;
		};
/* End PBXResourcesBuildPhase section */

/* Begin PBXSourcesBuildPhase section */
		1B501222299191B200983D89 /* Sources */ = {
			isa = PBXSourcesBuildPhase;
			buildActionMask = 2147483647;
			files = (
				1B501268299191F500983D89 /* SuperHero.swift in Sources */,
				1B50127A299191F500983D89 /* LaboratoryView.swift in Sources */,
				1B50127C299191F500983D89 /* APIManager.swift in Sources */,
				1B501273299191F500983D89 /* NumberTouchView.swift in Sources */,
				1B50127B299191F500983D89 /* IntroductionView.swift in Sources */,
				1B501274299191F500983D89 /* CalculatorView.swift in Sources */,
				1B501279299191F500983D89 /* LessonRowView.swift in Sources */,
				1B501266299191F500983D89 /* BundleExtension.swift in Sources */,
				1B501271299191F500983D89 /* LessonTopContentView.swift in Sources */,
				1B50126E299191F500983D89 /* AnswerView.swift in Sources */,
				1B501270299191F500983D89 /* CalculView.swift in Sources */,
				1B50126F299191F500983D89 /* get_points.swift in Sources */,
				1B501289299192B200983D89 /* LAST FINAL YURI YURIKA.xcdatamodeld in Sources */,
				1B50127D299191F500983D89 /* Calcul.swift in Sources */,
				1B50126A299191F500983D89 /* FetchedImageView.swift in Sources */,
				1B501264299191F500983D89 /* PressButtonModifier.swift in Sources */,
				1B501267299191F500983D89 /* Lesson.swift in Sources */,
				1B50126D299191F500983D89 /* ActionButtonView.swift in Sources */,
				1B50126C299191F500983D89 /* EntryFieldView.swift in Sources */,
				1B501278299191F500983D89 /* LessonListView.swift in Sources */,
				1B501265299191F500983D89 /* ShadowStrokeModifier.swift in Sources */,
				1B501272299191F500983D89 /* NumberPadView.swift in Sources */,
				1B50122A299191B200983D89 /* LAST_FINAL_YURI_YURIKAApp.swift in Sources */,
				1B50127E299191F500983D89 /* YuriYurikaViewModel.swift in Sources */,
				1B501269299191F500983D89 /* Speech.swift in Sources */,
				1B5012832991924600983D89 /* TabBarView.swift in Sources */,
				1B50126B299191F500983D89 /* ProgressBarView.swift in Sources */,
				1B5012862991926D00983D89 /* Persistence.swift in Sources */,
			);
			runOnlyForDeploymentPostprocessing = 0;
		};
/* End PBXSourcesBuildPhase section */

/* Begin XCBuildConfiguration section */
		1B501232299191B200983D89 /* Debug */ = {
			isa = XCBuildConfiguration;
			buildSettings = {
				ALWAYS_SEARCH_USER_PATHS = NO;
				CLANG_ANALYZER_NONNULL = YES;
				CLANG_ANALYZER_NUMBER_OBJECT_CONVERSION = YES_AGGRESSIVE;
				CLANG_CXX_LANGUAGE_STANDARD = "gnu++20";
				CLANG_ENABLE_MODULES = YES;
				CLANG_ENABLE_OBJC_ARC = YES;
				CLANG_ENABLE_OBJC_WEAK = YES;
				CLANG_WARN_BLOCK_CAPTURE_AUTORELEASING = YES;
				CLANG_WARN_BOOL_CONVERSION = YES;
				CLANG_WARN_COMMA = YES;
				CLANG_WARN_CONSTANT_CONVERSION = YES;
				CLANG_WARN_DEPRECATED_OBJC_IMPLEMENTATIONS = YES;
				CLANG_WARN_DIRECT_OBJC_ISA_USAGE = YES_ERROR;
				CLANG_WARN_DOCUMENTATION_COMMENTS = YES;
				CLANG_WARN_EMPTY_BODY = YES;
				CLANG_WARN_ENUM_CONVERSION = YES;
				CLANG_WARN_INFINITE_RECURSION = YES;
				CLANG_WARN_INT_CONVERSION = YES;
				CLANG_WARN_NON_LITERAL_NULL_CONVERSION = YES;
				CLANG_WARN_OBJC_IMPLICIT_RETAIN_SELF = YES;
				CLANG_WARN_OBJC_LITERAL_CONVERSION = YES;
				CLANG_WARN_OBJC_ROOT_CLASS = YES_ERROR;
				CLANG_WARN_QUOTED_INCLUDE_IN_FRAMEWORK_HEADER = YES;
				CLANG_WARN_RANGE_LOOP_ANALYSIS = YES;
				CLANG_WARN_STRICT_PROTOTYPES = YES;
				CLANG_WARN_SUSPICIOUS_MOVE = YES;
				CLANG_WARN_UNGUARDED_AVAILABILITY = YES_AGGRESSIVE;
				CLANG_WARN_UNREACHABLE_CODE = YES;
				CLANG_WARN__DUPLICATE_METHOD_MATCH = YES;
				COPY_PHASE_STRIP = NO;
				DEBUG_INFORMATION_FORMAT = dwarf;
				ENABLE_STRICT_OBJC_MSGSEND = YES;
				ENABLE_TESTABILITY = YES;
				GCC_C_LANGUAGE_STANDARD = gnu11;
				GCC_DYNAMIC_NO_PIC = NO;
				GCC_NO_COMMON_BLOCKS = YES;
				GCC_OPTIMIZATION_LEVEL = 0;
				GCC_PREPROCESSOR_DEFINITIONS = (
					"DEBUG=1",
					"$(inherited)",
				);
				GCC_WARN_64_TO_32_BIT_CONVERSION = YES;
				GCC_WARN_ABOUT_RETURN_TYPE = YES_ERROR;
				GCC_WARN_UNDECLARED_SELECTOR = YES;
				GCC_WARN_UNINITIALIZED_AUTOS = YES_AGGRESSIVE;
				GCC_WARN_UNUSED_FUNCTION = YES;
				GCC_WARN_UNUSED_VARIABLE = YES;
				IPHONEOS_DEPLOYMENT_TARGET = 16.1;
				MTL_ENABLE_DEBUG_INFO = INCLUDE_SOURCE;
				MTL_FAST_MATH = YES;
				ONLY_ACTIVE_ARCH = YES;
				SDKROOT = iphoneos;
				SWIFT_ACTIVE_COMPILATION_CONDITIONS = DEBUG;
				SWIFT_OPTIMIZATION_LEVEL = "-Onone";
			};
			name = Debug;
		};
		1B501233299191B200983D89 /* Release */ = {
			isa = XCBuildConfiguration;
			buildSettings = {
				ALWAYS_SEARCH_USER_PATHS = NO;
				CLANG_ANALYZER_NONNULL = YES;
				CLANG_ANALYZER_NUMBER_OBJECT_CONVERSION = YES_AGGRESSIVE;
				CLANG_CXX_LANGUAGE_STANDARD = "gnu++20";
				CLANG_ENABLE_MODULES = YES;
				CLANG_ENABLE_OBJC_ARC = YES;
				CLANG_ENABLE_OBJC_WEAK = YES;
				CLANG_WARN_BLOCK_CAPTURE_AUTORELEASING = YES;
				CLANG_WARN_BOOL_CONVERSION = YES;
				CLANG_WARN_COMMA = YES;
				CLANG_WARN_CONSTANT_CONVERSION = YES;
				CLANG_WARN_DEPRECATED_OBJC_IMPLEMENTATIONS = YES;
				CLANG_WARN_DIRECT_OBJC_ISA_USAGE = YES_ERROR;
				CLANG_WARN_DOCUMENTATION_COMMENTS = YES;
				CLANG_WARN_EMPTY_BODY = YES;
				CLANG_WARN_ENUM_CONVERSION = YES;
				CLANG_WARN_INFINITE_RECURSION = YES;
				CLANG_WARN_INT_CONVERSION = YES;
				CLANG_WARN_NON_LITERAL_NULL_CONVERSION = YES;
				CLANG_WARN_OBJC_IMPLICIT_RETAIN_SELF = YES;
				CLANG_WARN_OBJC_LITERAL_CONVERSION = YES;
				CLANG_WARN_OBJC_ROOT_CLASS = YES_ERROR;
				CLANG_WARN_QUOTED_INCLUDE_IN_FRAMEWORK_HEADER = YES;
				CLANG_WARN_RANGE_LOOP_ANALYSIS = YES;
				CLANG_WARN_STRICT_PROTOTYPES = YES;
				CLANG_WARN_SUSPICIOUS_MOVE = YES;
				CLANG_WARN_UNGUARDED_AVAILABILITY = YES_AGGRESSIVE;
				CLANG_WARN_UNREACHABLE_CODE = YES;
				CLANG_WARN__DUPLICATE_METHOD_MATCH = YES;
				COPY_PHASE_STRIP = NO;
				DEBUG_INFORMATION_FORMAT = "dwarf-with-dsym";
				ENABLE_NS_ASSERTIONS = NO;
				ENABLE_STRICT_OBJC_MSGSEND = YES;
				GCC_C_LANGUAGE_STANDARD = gnu11;
				GCC_NO_COMMON_BLOCKS = YES;
				GCC_WARN_64_TO_32_BIT_CONVERSION = YES;
				GCC_WARN_ABOUT_RETURN_TYPE = YES_ERROR;
				GCC_WARN_UNDECLARED_SELECTOR = YES;
				GCC_WARN_UNINITIALIZED_AUTOS = YES_AGGRESSIVE;
				GCC_WARN_UNUSED_FUNCTION = YES;
				GCC_WARN_UNUSED_VARIABLE = YES;
				IPHONEOS_DEPLOYMENT_TARGET = 16.1;
				MTL_ENABLE_DEBUG_INFO = NO;
				MTL_FAST_MATH = YES;
				SDKROOT = iphoneos;
				SWIFT_COMPILATION_MODE = wholemodule;
				SWIFT_OPTIMIZATION_LEVEL = "-O";
				VALIDATE_PRODUCT = YES;
			};
			name = Release;
		};
		1B501235299191B200983D89 /* Debug */ = {
			isa = XCBuildConfiguration;
			buildSettings = {
				ASSETCATALOG_COMPILER_APPICON_NAME = AppIcon;
				ASSETCATALOG_COMPILER_GLOBAL_ACCENT_COLOR_NAME = AccentColor;
				CODE_SIGN_STYLE = Automatic;
				CURRENT_PROJECT_VERSION = 1;
				DEVELOPMENT_ASSET_PATHS = "\"LAST FINAL YURI YURIKA/Preview Content\"";
				DEVELOPMENT_TEAM = 2MJF5Z4V65;
				ENABLE_PREVIEWS = YES;
				GENERATE_INFOPLIST_FILE = YES;
				INFOPLIST_KEY_UIApplicationSceneManifest_Generation = YES;
				INFOPLIST_KEY_UIApplicationSupportsIndirectInputEvents = YES;
				INFOPLIST_KEY_UILaunchScreen_Generation = YES;
				INFOPLIST_KEY_UISupportedInterfaceOrientations_iPad = "UIInterfaceOrientationPortrait UIInterfaceOrientationPortraitUpsideDown UIInterfaceOrientationLandscapeLeft UIInterfaceOrientationLandscapeRight";
				INFOPLIST_KEY_UISupportedInterfaceOrientations_iPhone = "UIInterfaceOrientationPortrait UIInterfaceOrientationLandscapeLeft UIInterfaceOrientationLandscapeRight";
				LD_RUNPATH_SEARCH_PATHS = (
					"$(inherited)",
					"@executable_path/Frameworks",
				);
				MARKETING_VERSION = 1.0;
				PRODUCT_BUNDLE_IDENTIFIER = "na.LAST-FINAL-YURI-YURIKA";
				PRODUCT_NAME = "$(TARGET_NAME)";
				SWIFT_EMIT_LOC_STRINGS = YES;
				SWIFT_VERSION = 5.0;
				TARGETED_DEVICE_FAMILY = "1,2";
			};
			name = Debug;
		};
		1B501236299191B200983D89 /* Release */ = {
			isa = XCBuildConfiguration;
			buildSettings = {
				ASSETCATALOG_COMPILER_APPICON_NAME = AppIcon;
				ASSETCATALOG_COMPILER_GLOBAL_ACCENT_COLOR_NAME = AccentColor;
				CODE_SIGN_STYLE = Automatic;
				CURRENT_PROJECT_VERSION = 1;
				DEVELOPMENT_ASSET_PATHS = "\"LAST FINAL YURI YURIKA/Preview Content\"";
				DEVELOPMENT_TEAM = 2MJF5Z4V65;
				ENABLE_PREVIEWS = YES;
				GENERATE_INFOPLIST_FILE = YES;
				INFOPLIST_KEY_UIApplicationSceneManifest_Generation = YES;
				INFOPLIST_KEY_UIApplicationSupportsIndirectInputEvents = YES;
				INFOPLIST_KEY_UILaunchScreen_Generation = YES;
				INFOPLIST_KEY_UISupportedInterfaceOrientations_iPad = "UIInterfaceOrientationPortrait UIInterfaceOrientationPortraitUpsideDown UIInterfaceOrientationLandscapeLeft UIInterfaceOrientationLandscapeRight";
				INFOPLIST_KEY_UISupportedInterfaceOrientations_iPhone = "UIInterfaceOrientationPortrait UIInterfaceOrientationLandscapeLeft UIInterfaceOrientationLandscapeRight";
				LD_RUNPATH_SEARCH_PATHS = (
					"$(inherited)",
					"@executable_path/Frameworks",
				);
				MARKETING_VERSION = 1.0;
				PRODUCT_BUNDLE_IDENTIFIER = "na.LAST-FINAL-YURI-YURIKA";
				PRODUCT_NAME = "$(TARGET_NAME)";
				SWIFT_EMIT_LOC_STRINGS = YES;
				SWIFT_VERSION = 5.0;
				TARGETED_DEVICE_FAMILY = "1,2";
			};
			name = Release;
		};
/* End XCBuildConfiguration section */

/* Begin XCConfigurationList section */
		1B501221299191B200983D89 /* Build configuration list for PBXProject "LAST FINAL YURI YURIKA" */ = {
			isa = XCConfigurationList;
			buildConfigurations = (
				1B501232299191B200983D89 /* Debug */,
				1B501233299191B200983D89 /* Release */,
			);
			defaultConfigurationIsVisible = 0;
			defaultConfigurationName = Release;
		};
		1B501234299191B200983D89 /* Build configuration list for PBXNativeTarget "LAST FINAL YURI YURIKA" */ = {
			isa = XCConfigurationList;
			buildConfigurations = (
				1B501235299191B200983D89 /* Debug */,
				1B501236299191B200983D89 /* Release */,
			);
			defaultConfigurationIsVisible = 0;
			defaultConfigurationName = Release;
		};
/* End XCConfigurationList section */

/* Begin XCVersionGroup section */
		1B501287299192B200983D89 /* LAST FINAL YURI YURIKA.xcdatamodeld */ = {
			isa = XCVersionGroup;
			children = (
				1B501288299192B200983D89 /* LAST FINAL YURI YURIKA.xcdatamodel */,
			);
			currentVersion = 1B501288299192B200983D89 /* LAST FINAL YURI YURIKA.xcdatamodel */;
			path = "LAST FINAL YURI YURIKA.xcdatamodeld";
			sourceTree = "<group>";
			versionGroupType = wrapper.xcdatamodel;
		};
/* End XCVersionGroup section */
	};
	rootObject = 1B50121E299191B200983D89 /* Project object */;
}
